// !$*UTF8*$!
{
	archiveVersion = 1;
	classes = {
	};
	objectVersion = 46;
	objects = {

/* Begin PBXBuildFile section */
		CB85A66F1BF817DB006664EB /* happy.jpg in Resources */ = {isa = PBXBuildFile; fileRef = CB85A66C1BF817DB006664EB /* happy.jpg */; };
		CB85A6701BF817DB006664EB /* sad.png in Resources */ = {isa = PBXBuildFile; fileRef = CB85A66D1BF817DB006664EB /* sad.png */; };
		CB85A6711BF817DB006664EB /* unsure.png in Resources */ = {isa = PBXBuildFile; fileRef = CB85A66E1BF817DB006664EB /* unsure.png */; };
		CB85A67C1BF82483006664EB /* FluidDrainageVC.swift in Sources */ = {isa = PBXBuildFile; fileRef = CB85A67A1BF82483006664EB /* FluidDrainageVC.swift */; };
		CB85A67D1BF82483006664EB /* FluidDrainageVC.xib in Resources */ = {isa = PBXBuildFile; fileRef = CB85A67B1BF82483006664EB /* FluidDrainageVC.xib */; };
		CB85A67F1BF827E3006664EB /* DoctorInfo.swift in Sources */ = {isa = PBXBuildFile; fileRef = CB85A67E1BF827E3006664EB /* DoctorInfo.swift */; };
		CBA7F3211BF97B5D004755FC /* ConcernsVC.swift in Sources */ = {isa = PBXBuildFile; fileRef = CBA7F31F1BF97B5D004755FC /* ConcernsVC.swift */; };
		CBA7F3221BF97B5D004755FC /* ConcernsVC.xib in Resources */ = {isa = PBXBuildFile; fileRef = CBA7F3201BF97B5D004755FC /* ConcernsVC.xib */; };
		CBBB55771BF687180004D32F /* ConcernLevelVC.swift in Sources */ = {isa = PBXBuildFile; fileRef = CBBB55751BF687180004D32F /* ConcernLevelVC.swift */; };
		CBBB55781BF687180004D32F /* ConcernLevelVC.xib in Resources */ = {isa = PBXBuildFile; fileRef = CBBB55761BF687180004D32F /* ConcernLevelVC.xib */; };
		CBBB557B1BF688370004D32F /* SelectWoundVC.swift in Sources */ = {isa = PBXBuildFile; fileRef = CBBB55791BF688370004D32F /* SelectWoundVC.swift */; };
		CBBB557C1BF688370004D32F /* SelectWoundVC.xib in Resources */ = {isa = PBXBuildFile; fileRef = CBBB557A1BF688370004D32F /* SelectWoundVC.xib */; };
		DC4229811BF80E6A00824E31 /* WoundOptionsVC.swift in Sources */ = {isa = PBXBuildFile; fileRef = DC42297F1BF80E6A00824E31 /* WoundOptionsVC.swift */; };
		DC63A2E11BF40359006AE2C4 /* compact_camera.png in Resources */ = {isa = PBXBuildFile; fileRef = DC63A2E01BF40359006AE2C4 /* compact_camera.png */; };
		DC63A2E71BF40443006AE2C4 /* treatment_plan.png in Resources */ = {isa = PBXBuildFile; fileRef = DC63A2E61BF40443006AE2C4 /* treatment_plan.png */; };
		DC839CF91BF9489800A3EFC3 /* stack_of_photos.png in Resources */ = {isa = PBXBuildFile; fileRef = DC839CF81BF9489800A3EFC3 /* stack_of_photos.png */; };
		DC839CFB1BF948A100A3EFC3 /* future.png in Resources */ = {isa = PBXBuildFile; fileRef = DC839CFA1BF948A100A3EFC3 /* future.png */; };
		DC839CFD1BF948F500A3EFC3 /* WoundOptionsVC.xib in Resources */ = {isa = PBXBuildFile; fileRef = DC839CFC1BF948F500A3EFC3 /* WoundOptionsVC.xib */; };
		DC839D001BF9494000A3EFC3 /* PhotoDetailVC.swift in Sources */ = {isa = PBXBuildFile; fileRef = DC839CFE1BF9494000A3EFC3 /* PhotoDetailVC.swift */; };
		DC839D011BF9494000A3EFC3 /* PhotoDetailVC.xib in Resources */ = {isa = PBXBuildFile; fileRef = DC839CFF1BF9494000A3EFC3 /* PhotoDetailVC.xib */; };
		DC839D041BF9495300A3EFC3 /* SymptomsVC.swift in Sources */ = {isa = PBXBuildFile; fileRef = DC839D021BF9495300A3EFC3 /* SymptomsVC.swift */; };
		DC839D051BF9495300A3EFC3 /* SymptomsVC.xib in Resources */ = {isa = PBXBuildFile; fileRef = DC839D031BF9495300A3EFC3 /* SymptomsVC.xib */; };
		DC839D081BF9498F00A3EFC3 /* WoundDataVC.swift in Sources */ = {isa = PBXBuildFile; fileRef = DC839D061BF9498F00A3EFC3 /* WoundDataVC.swift */; };
		DC839D091BF9498F00A3EFC3 /* WoundDataVC.xib in Resources */ = {isa = PBXBuildFile; fileRef = DC839D071BF9498F00A3EFC3 /* WoundDataVC.xib */; };
		DCAF53C01BF0594A005AB5DD /* AppDelegate.swift in Sources */ = {isa = PBXBuildFile; fileRef = DCAF53BF1BF0594A005AB5DD /* AppDelegate.swift */; };
		DCAF53C71BF0594A005AB5DD /* Assets.xcassets in Resources */ = {isa = PBXBuildFile; fileRef = DCAF53C61BF0594A005AB5DD /* Assets.xcassets */; };
		DCAF53CA1BF0594A005AB5DD /* LaunchScreen.storyboard in Resources */ = {isa = PBXBuildFile; fileRef = DCAF53C81BF0594A005AB5DD /* LaunchScreen.storyboard */; };
		DCAF53D51BF0594A005AB5DD /* Care4WoundsTests.swift in Sources */ = {isa = PBXBuildFile; fileRef = DCAF53D41BF0594A005AB5DD /* Care4WoundsTests.swift */; };
		DCAF53E01BF0594A005AB5DD /* Care4WoundsUITests.swift in Sources */ = {isa = PBXBuildFile; fileRef = DCAF53DF1BF0594A005AB5DD /* Care4WoundsUITests.swift */; };
		DCB3419D1BF154870014F89B /* CoreDataHelper.swift in Sources */ = {isa = PBXBuildFile; fileRef = DCB341971BF154870014F89B /* CoreDataHelper.swift */; };
		DCB341B51BF154900014F89B /* PhotosVC.swift in Sources */ = {isa = PBXBuildFile; fileRef = DCB341A31BF154900014F89B /* PhotosVC.swift */; };
		DCB341B61BF154900014F89B /* PhotosVC.xib in Resources */ = {isa = PBXBuildFile; fileRef = DCB341A41BF154900014F89B /* PhotosVC.xib */; };
		DCB341B81BF154900014F89B /* Wound.swift in Sources */ = {isa = PBXBuildFile; fileRef = DCB341A61BF154900014F89B /* Wound.swift */; };
		DCB341BE1BF154900014F89B /* WoundPhoto.swift in Sources */ = {isa = PBXBuildFile; fileRef = DCB341AC1BF154900014F89B /* WoundPhoto.swift */; };
		DCB341C01BF154900014F89B /* WoundTableVC.swift in Sources */ = {isa = PBXBuildFile; fileRef = DCB341AE1BF154900014F89B /* WoundTableVC.swift */; };
		DCB341C11BF154900014F89B /* WoundTableVC.xib in Resources */ = {isa = PBXBuildFile; fileRef = DCB341AF1BF154900014F89B /* WoundTableVC.xib */; };
		DCB341D31BF155B30014F89B /* Care4Wounds.xcdatamodeld in Sources */ = {isa = PBXBuildFile; fileRef = DCB341D11BF155B30014F89B /* Care4Wounds.xcdatamodeld */; };
		DCB341DB1BF160610014F89B /* Wound+CoreDataProperties.swift in Sources */ = {isa = PBXBuildFile; fileRef = DCB341DA1BF160610014F89B /* Wound+CoreDataProperties.swift */; };
		DCB341E11BF160BF0014F89B /* WoundPhoto+CoreDataProperties.swift in Sources */ = {isa = PBXBuildFile; fileRef = DCB341E01BF160BF0014F89B /* WoundPhoto+CoreDataProperties.swift */; };
		DCB341E71BF195B30014F89B /* wound.png in Resources */ = {isa = PBXBuildFile; fileRef = DCB341E61BF195B30014F89B /* wound.png */; };
		DCB341E91BF1979B0014F89B /* doctor.png in Resources */ = {isa = PBXBuildFile; fileRef = DCB341E81BF1979B0014F89B /* doctor.png */; };
		DCE7D9721BF55C1600537CDA /* error.png in Resources */ = {isa = PBXBuildFile; fileRef = DCE7D9711BF55C1600537CDA /* error.png */; };
		DCF0D0BA1BF118DC00223547 /* MainMenuVC.swift in Sources */ = {isa = PBXBuildFile; fileRef = DCF0D0B91BF118DC00223547 /* MainMenuVC.swift */; };
		DCF0D0CC1BF11A5900223547 /* MainMenuVC.xib in Resources */ = {isa = PBXBuildFile; fileRef = DCF0D0CB1BF11A5900223547 /* MainMenuVC.xib */; };
/* End PBXBuildFile section */

/* Begin PBXContainerItemProxy section */
		DCAF53D11BF0594A005AB5DD /* PBXContainerItemProxy */ = {
			isa = PBXContainerItemProxy;
			containerPortal = DCAF53B41BF0594A005AB5DD /* Project object */;
			proxyType = 1;
			remoteGlobalIDString = DCAF53BB1BF0594A005AB5DD;
			remoteInfo = Care4Wounds;
		};
		DCAF53DC1BF0594A005AB5DD /* PBXContainerItemProxy */ = {
			isa = PBXContainerItemProxy;
			containerPortal = DCAF53B41BF0594A005AB5DD /* Project object */;
			proxyType = 1;
			remoteGlobalIDString = DCAF53BB1BF0594A005AB5DD;
			remoteInfo = Care4Wounds;
		};
/* End PBXContainerItemProxy section */

/* Begin PBXFileReference section */
		CB85A66C1BF817DB006664EB /* happy.jpg */ = {isa = PBXFileReference; lastKnownFileType = image.jpeg; name = happy.jpg; path = smileys/happy.jpg; sourceTree = "<group>"; };
		CB85A66D1BF817DB006664EB /* sad.png */ = {isa = PBXFileReference; lastKnownFileType = image.png; name = sad.png; path = smileys/sad.png; sourceTree = "<group>"; };
		CB85A66E1BF817DB006664EB /* unsure.png */ = {isa = PBXFileReference; lastKnownFileType = image.png; name = unsure.png; path = smileys/unsure.png; sourceTree = "<group>"; };
		CB85A67A1BF82483006664EB /* FluidDrainageVC.swift */ = {isa = PBXFileReference; fileEncoding = 4; lastKnownFileType = sourcecode.swift; path = FluidDrainageVC.swift; sourceTree = "<group>"; };
		CB85A67B1BF82483006664EB /* FluidDrainageVC.xib */ = {isa = PBXFileReference; fileEncoding = 4; lastKnownFileType = file.xib; path = FluidDrainageVC.xib; sourceTree = "<group>"; };
		CB85A67E1BF827E3006664EB /* DoctorInfo.swift */ = {isa = PBXFileReference; fileEncoding = 4; lastKnownFileType = sourcecode.swift; path = DoctorInfo.swift; sourceTree = "<group>"; };
		CBA7F31F1BF97B5D004755FC /* ConcernsVC.swift */ = {isa = PBXFileReference; fileEncoding = 4; lastKnownFileType = sourcecode.swift; path = ConcernsVC.swift; sourceTree = "<group>"; };
		CBA7F3201BF97B5D004755FC /* ConcernsVC.xib */ = {isa = PBXFileReference; fileEncoding = 4; lastKnownFileType = file.xib; path = ConcernsVC.xib; sourceTree = "<group>"; };
		CBBB55751BF687180004D32F /* ConcernLevelVC.swift */ = {isa = PBXFileReference; fileEncoding = 4; lastKnownFileType = sourcecode.swift; path = ConcernLevelVC.swift; sourceTree = "<group>"; };
		CBBB55761BF687180004D32F /* ConcernLevelVC.xib */ = {isa = PBXFileReference; fileEncoding = 4; lastKnownFileType = file.xib; path = ConcernLevelVC.xib; sourceTree = "<group>"; };
		CBBB55791BF688370004D32F /* SelectWoundVC.swift */ = {isa = PBXFileReference; fileEncoding = 4; lastKnownFileType = sourcecode.swift; path = SelectWoundVC.swift; sourceTree = "<group>"; };
		CBBB557A1BF688370004D32F /* SelectWoundVC.xib */ = {isa = PBXFileReference; fileEncoding = 4; lastKnownFileType = file.xib; path = SelectWoundVC.xib; sourceTree = "<group>"; };
		DC42297F1BF80E6A00824E31 /* WoundOptionsVC.swift */ = {isa = PBXFileReference; fileEncoding = 4; lastKnownFileType = sourcecode.swift; path = WoundOptionsVC.swift; sourceTree = "<group>"; };
		DC63A2E01BF40359006AE2C4 /* compact_camera.png */ = {isa = PBXFileReference; lastKnownFileType = image.png; path = compact_camera.png; sourceTree = "<group>"; };
		DC63A2E61BF40443006AE2C4 /* treatment_plan.png */ = {isa = PBXFileReference; lastKnownFileType = image.png; path = treatment_plan.png; sourceTree = "<group>"; };
		DC839CF81BF9489800A3EFC3 /* stack_of_photos.png */ = {isa = PBXFileReference; lastKnownFileType = image.png; path = stack_of_photos.png; sourceTree = "<group>"; };
		DC839CFA1BF948A100A3EFC3 /* future.png */ = {isa = PBXFileReference; lastKnownFileType = image.png; path = future.png; sourceTree = "<group>"; };
		DC839CFC1BF948F500A3EFC3 /* WoundOptionsVC.xib */ = {isa = PBXFileReference; fileEncoding = 4; lastKnownFileType = file.xib; path = WoundOptionsVC.xib; sourceTree = "<group>"; };
		DC839CFE1BF9494000A3EFC3 /* PhotoDetailVC.swift */ = {isa = PBXFileReference; fileEncoding = 4; lastKnownFileType = sourcecode.swift; path = PhotoDetailVC.swift; sourceTree = "<group>"; };
		DC839CFF1BF9494000A3EFC3 /* PhotoDetailVC.xib */ = {isa = PBXFileReference; fileEncoding = 4; lastKnownFileType = file.xib; path = PhotoDetailVC.xib; sourceTree = "<group>"; };
		DC839D021BF9495300A3EFC3 /* SymptomsVC.swift */ = {isa = PBXFileReference; fileEncoding = 4; lastKnownFileType = sourcecode.swift; path = SymptomsVC.swift; sourceTree = "<group>"; };
		DC839D031BF9495300A3EFC3 /* SymptomsVC.xib */ = {isa = PBXFileReference; fileEncoding = 4; lastKnownFileType = file.xib; path = SymptomsVC.xib; sourceTree = "<group>"; };
		DC839D061BF9498F00A3EFC3 /* WoundDataVC.swift */ = {isa = PBXFileReference; fileEncoding = 4; lastKnownFileType = sourcecode.swift; path = WoundDataVC.swift; sourceTree = "<group>"; };
		DC839D071BF9498F00A3EFC3 /* WoundDataVC.xib */ = {isa = PBXFileReference; fileEncoding = 4; lastKnownFileType = file.xib; path = WoundDataVC.xib; sourceTree = "<group>"; };
		DCAF53BC1BF0594A005AB5DD /* Care4Wounds.app */ = {isa = PBXFileReference; explicitFileType = wrapper.application; includeInIndex = 0; path = Care4Wounds.app; sourceTree = BUILT_PRODUCTS_DIR; };
		DCAF53BF1BF0594A005AB5DD /* AppDelegate.swift */ = {isa = PBXFileReference; lastKnownFileType = sourcecode.swift; path = AppDelegate.swift; sourceTree = "<group>"; };
		DCAF53C61BF0594A005AB5DD /* Assets.xcassets */ = {isa = PBXFileReference; lastKnownFileType = folder.assetcatalog; path = Assets.xcassets; sourceTree = "<group>"; };
		DCAF53C91BF0594A005AB5DD /* Base */ = {isa = PBXFileReference; lastKnownFileType = file.storyboard; name = Base; path = Base.lproj/LaunchScreen.storyboard; sourceTree = "<group>"; };
		DCAF53CB1BF0594A005AB5DD /* Info.plist */ = {isa = PBXFileReference; lastKnownFileType = text.plist.xml; path = Info.plist; sourceTree = "<group>"; };
		DCAF53D01BF0594A005AB5DD /* Care4WoundsTests.xctest */ = {isa = PBXFileReference; explicitFileType = wrapper.cfbundle; includeInIndex = 0; path = Care4WoundsTests.xctest; sourceTree = BUILT_PRODUCTS_DIR; };
		DCAF53D41BF0594A005AB5DD /* Care4WoundsTests.swift */ = {isa = PBXFileReference; lastKnownFileType = sourcecode.swift; path = Care4WoundsTests.swift; sourceTree = "<group>"; };
		DCAF53D61BF0594A005AB5DD /* Info.plist */ = {isa = PBXFileReference; lastKnownFileType = text.plist.xml; path = Info.plist; sourceTree = "<group>"; };
		DCAF53DB1BF0594A005AB5DD /* Care4WoundsUITests.xctest */ = {isa = PBXFileReference; explicitFileType = wrapper.cfbundle; includeInIndex = 0; path = Care4WoundsUITests.xctest; sourceTree = BUILT_PRODUCTS_DIR; };
		DCAF53DF1BF0594A005AB5DD /* Care4WoundsUITests.swift */ = {isa = PBXFileReference; lastKnownFileType = sourcecode.swift; path = Care4WoundsUITests.swift; sourceTree = "<group>"; };
		DCAF53E11BF0594A005AB5DD /* Info.plist */ = {isa = PBXFileReference; lastKnownFileType = text.plist.xml; path = Info.plist; sourceTree = "<group>"; };
		DCB341971BF154870014F89B /* CoreDataHelper.swift */ = {isa = PBXFileReference; fileEncoding = 4; lastKnownFileType = sourcecode.swift; path = CoreDataHelper.swift; sourceTree = "<group>"; };
		DCB341A31BF154900014F89B /* PhotosVC.swift */ = {isa = PBXFileReference; fileEncoding = 4; lastKnownFileType = sourcecode.swift; path = PhotosVC.swift; sourceTree = "<group>"; };
		DCB341A41BF154900014F89B /* PhotosVC.xib */ = {isa = PBXFileReference; fileEncoding = 4; lastKnownFileType = file.xib; path = PhotosVC.xib; sourceTree = "<group>"; };
		DCB341A61BF154900014F89B /* Wound.swift */ = {isa = PBXFileReference; fileEncoding = 4; lastKnownFileType = sourcecode.swift; path = Wound.swift; sourceTree = "<group>"; };
		DCB341AC1BF154900014F89B /* WoundPhoto.swift */ = {isa = PBXFileReference; fileEncoding = 4; lastKnownFileType = sourcecode.swift; path = WoundPhoto.swift; sourceTree = "<group>"; };
		DCB341AE1BF154900014F89B /* WoundTableVC.swift */ = {isa = PBXFileReference; fileEncoding = 4; lastKnownFileType = sourcecode.swift; path = WoundTableVC.swift; sourceTree = "<group>"; };
		DCB341AF1BF154900014F89B /* WoundTableVC.xib */ = {isa = PBXFileReference; fileEncoding = 4; lastKnownFileType = file.xib; path = WoundTableVC.xib; sourceTree = "<group>"; };
		DCB341D21BF155B30014F89B /* Care4Wounds.xcdatamodel */ = {isa = PBXFileReference; lastKnownFileType = wrapper.xcdatamodel; path = Care4Wounds.xcdatamodel; sourceTree = "<group>"; };
		DCB341DA1BF160610014F89B /* Wound+CoreDataProperties.swift */ = {isa = PBXFileReference; fileEncoding = 4; lastKnownFileType = sourcecode.swift; path = "Wound+CoreDataProperties.swift"; sourceTree = "<group>"; };
		DCB341E01BF160BF0014F89B /* WoundPhoto+CoreDataProperties.swift */ = {isa = PBXFileReference; fileEncoding = 4; lastKnownFileType = sourcecode.swift; path = "WoundPhoto+CoreDataProperties.swift"; sourceTree = "<group>"; };
		DCB341E61BF195B30014F89B /* wound.png */ = {isa = PBXFileReference; lastKnownFileType = image.png; path = wound.png; sourceTree = "<group>"; };
		DCB341E81BF1979B0014F89B /* doctor.png */ = {isa = PBXFileReference; lastKnownFileType = image.png; path = doctor.png; sourceTree = "<group>"; };
		DCE7D9711BF55C1600537CDA /* error.png */ = {isa = PBXFileReference; lastKnownFileType = image.png; path = error.png; sourceTree = "<group>"; };
		DCF0D0B91BF118DC00223547 /* MainMenuVC.swift */ = {isa = PBXFileReference; fileEncoding = 4; lastKnownFileType = sourcecode.swift; path = MainMenuVC.swift; sourceTree = "<group>"; };
		DCF0D0CB1BF11A5900223547 /* MainMenuVC.xib */ = {isa = PBXFileReference; fileEncoding = 4; lastKnownFileType = file.xib; path = MainMenuVC.xib; sourceTree = "<group>"; };
/* End PBXFileReference section */

/* Begin PBXFrameworksBuildPhase section */
		DCAF53B91BF0594A005AB5DD /* Frameworks */ = {
			isa = PBXFrameworksBuildPhase;
			buildActionMask = 2147483647;
			files = (
			);
			runOnlyForDeploymentPostprocessing = 0;
		};
		DCAF53CD1BF0594A005AB5DD /* Frameworks */ = {
			isa = PBXFrameworksBuildPhase;
			buildActionMask = 2147483647;
			files = (
			);
			runOnlyForDeploymentPostprocessing = 0;
		};
		DCAF53D81BF0594A005AB5DD /* Frameworks */ = {
			isa = PBXFrameworksBuildPhase;
			buildActionMask = 2147483647;
			files = (
			);
			runOnlyForDeploymentPostprocessing = 0;
		};
/* End PBXFrameworksBuildPhase section */

/* Begin PBXGroup section */
		CBBB556E1BF6817D0004D32F /* Contact Physician */ = {
			isa = PBXGroup;
			children = (
				CBBB55791BF688370004D32F /* SelectWoundVC.swift */,
				CBBB557A1BF688370004D32F /* SelectWoundVC.xib */,
				CBBB55751BF687180004D32F /* ConcernLevelVC.swift */,
				CBBB55761BF687180004D32F /* ConcernLevelVC.xib */,
				CB85A67A1BF82483006664EB /* FluidDrainageVC.swift */,
				CB85A67B1BF82483006664EB /* FluidDrainageVC.xib */,
				CBA7F31F1BF97B5D004755FC /* ConcernsVC.swift */,
				CBA7F3201BF97B5D004755FC /* ConcernsVC.xib */,
				CB85A67E1BF827E3006664EB /* DoctorInfo.swift */,
			);
			name = "Contact Physician";
			sourceTree = "<group>";
		};
		DCAF53B31BF0594A005AB5DD = {
			isa = PBXGroup;
			children = (
				DCAF53BE1BF0594A005AB5DD /* Care4Wounds */,
				DCAF53D31BF0594A005AB5DD /* Care4WoundsTests */,
				DCAF53DE1BF0594A005AB5DD /* Care4WoundsUITests */,
				DCAF53BD1BF0594A005AB5DD /* Products */,
			);
			sourceTree = "<group>";
		};
		DCAF53BD1BF0594A005AB5DD /* Products */ = {
			isa = PBXGroup;
			children = (
				DCAF53BC1BF0594A005AB5DD /* Care4Wounds.app */,
				DCAF53D01BF0594A005AB5DD /* Care4WoundsTests.xctest */,
				DCAF53DB1BF0594A005AB5DD /* Care4WoundsUITests.xctest */,
			);
			name = Products;
			sourceTree = "<group>";
		};
		DCAF53BE1BF0594A005AB5DD /* Care4Wounds */ = {
			isa = PBXGroup;
			children = (
				DCF0D0CB1BF11A5900223547 /* MainMenuVC.xib */,
				DCAF53BF1BF0594A005AB5DD /* AppDelegate.swift */,
				DCF0D0B91BF118DC00223547 /* MainMenuVC.swift */,
				CBBB556E1BF6817D0004D32F /* Contact Physician */,
				DCB341D01BF155460014F89B /* Wound Management */,
				DCB341CF1BF155390014F89B /* Core Data */,
				DCB341C31BF154A60014F89B /* Assets */,
				DCAF53C61BF0594A005AB5DD /* Assets.xcassets */,
				DCAF53C81BF0594A005AB5DD /* LaunchScreen.storyboard */,
				DCAF53CB1BF0594A005AB5DD /* Info.plist */,
			);
			path = Care4Wounds;
			sourceTree = "<group>";
		};
		DCAF53D31BF0594A005AB5DD /* Care4WoundsTests */ = {
			isa = PBXGroup;
			children = (
				DCAF53D41BF0594A005AB5DD /* Care4WoundsTests.swift */,
				DCAF53D61BF0594A005AB5DD /* Info.plist */,
			);
			path = Care4WoundsTests;
			sourceTree = "<group>";
		};
		DCAF53DE1BF0594A005AB5DD /* Care4WoundsUITests */ = {
			isa = PBXGroup;
			children = (
				DCAF53DF1BF0594A005AB5DD /* Care4WoundsUITests.swift */,
				DCAF53E11BF0594A005AB5DD /* Info.plist */,
			);
			path = Care4WoundsUITests;
			sourceTree = "<group>";
		};
		DCB341C31BF154A60014F89B /* Assets */ = {
			isa = PBXGroup;
			children = (
				CB85A66C1BF817DB006664EB /* happy.jpg */,
				CB85A66D1BF817DB006664EB /* sad.png */,
				CB85A66E1BF817DB006664EB /* unsure.png */,
				DCE7D9711BF55C1600537CDA /* error.png */,
				DCB341E81BF1979B0014F89B /* doctor.png */,
				DCB341E61BF195B30014F89B /* wound.png */,
				DC63A2E01BF40359006AE2C4 /* compact_camera.png */,
				DC839CF81BF9489800A3EFC3 /* stack_of_photos.png */,
				DC839CFA1BF948A100A3EFC3 /* future.png */,
				DC63A2E61BF40443006AE2C4 /* treatment_plan.png */,
			);
			name = Assets;
			sourceTree = "<group>";
		};
		DCB341CE1BF1551D0014F89B /* Wound Options */ = {
			isa = PBXGroup;
			children = (
				DC839CFE1BF9494000A3EFC3 /* PhotoDetailVC.swift */,
				DC839CFF1BF9494000A3EFC3 /* PhotoDetailVC.xib */,
				DC839D021BF9495300A3EFC3 /* SymptomsVC.swift */,
				DC839D031BF9495300A3EFC3 /* SymptomsVC.xib */,
				DCB341A31BF154900014F89B /* PhotosVC.swift */,
				DCB341A41BF154900014F89B /* PhotosVC.xib */,
				DC839D061BF9498F00A3EFC3 /* WoundDataVC.swift */,
				DC839D071BF9498F00A3EFC3 /* WoundDataVC.xib */,
			);
			name = "Wound Options";
			sourceTree = "<group>";
		};
		DCB341CF1BF155390014F89B /* Core Data */ = {
			isa = PBXGroup;
			children = (
				DCB341A61BF154900014F89B /* Wound.swift */,
				DCB341DA1BF160610014F89B /* Wound+CoreDataProperties.swift */,
				DCB341AC1BF154900014F89B /* WoundPhoto.swift */,
				DCB341E01BF160BF0014F89B /* WoundPhoto+CoreDataProperties.swift */,
				DCB341971BF154870014F89B /* CoreDataHelper.swift */,
				DCB341D11BF155B30014F89B /* Care4Wounds.xcdatamodeld */,
			);
			name = "Core Data";
			sourceTree = "<group>";
		};
		DCB341D01BF155460014F89B /* Wound Management */ = {
			isa = PBXGroup;
			children = (
				DCB341AE1BF154900014F89B /* WoundTableVC.swift */,
				DCB341AF1BF154900014F89B /* WoundTableVC.xib */,
				DC42297F1BF80E6A00824E31 /* WoundOptionsVC.swift */,
				DC839CFC1BF948F500A3EFC3 /* WoundOptionsVC.xib */,
				DCB341CE1BF1551D0014F89B /* Wound Options */,
			);
			name = "Wound Management";
			sourceTree = "<group>";
		};
/* End PBXGroup section */

/* Begin PBXNativeTarget section */
		DCAF53BB1BF0594A005AB5DD /* Care4Wounds */ = {
			isa = PBXNativeTarget;
			buildConfigurationList = DCAF53E41BF0594A005AB5DD /* Build configuration list for PBXNativeTarget "Care4Wounds" */;
			buildPhases = (
				DCAF53B81BF0594A005AB5DD /* Sources */,
				DCAF53B91BF0594A005AB5DD /* Frameworks */,
				DCAF53BA1BF0594A005AB5DD /* Resources */,
			);
			buildRules = (
			);
			dependencies = (
			);
			name = Care4Wounds;
			productName = Care4Wounds;
			productReference = DCAF53BC1BF0594A005AB5DD /* Care4Wounds.app */;
			productType = "com.apple.product-type.application";
		};
		DCAF53CF1BF0594A005AB5DD /* Care4WoundsTests */ = {
			isa = PBXNativeTarget;
			buildConfigurationList = DCAF53E71BF0594A005AB5DD /* Build configuration list for PBXNativeTarget "Care4WoundsTests" */;
			buildPhases = (
				DCAF53CC1BF0594A005AB5DD /* Sources */,
				DCAF53CD1BF0594A005AB5DD /* Frameworks */,
				DCAF53CE1BF0594A005AB5DD /* Resources */,
			);
			buildRules = (
			);
			dependencies = (
				DCAF53D21BF0594A005AB5DD /* PBXTargetDependency */,
			);
			name = Care4WoundsTests;
			productName = Care4WoundsTests;
			productReference = DCAF53D01BF0594A005AB5DD /* Care4WoundsTests.xctest */;
			productType = "com.apple.product-type.bundle.unit-test";
		};
		DCAF53DA1BF0594A005AB5DD /* Care4WoundsUITests */ = {
			isa = PBXNativeTarget;
			buildConfigurationList = DCAF53EA1BF0594A005AB5DD /* Build configuration list for PBXNativeTarget "Care4WoundsUITests" */;
			buildPhases = (
				DCAF53D71BF0594A005AB5DD /* Sources */,
				DCAF53D81BF0594A005AB5DD /* Frameworks */,
				DCAF53D91BF0594A005AB5DD /* Resources */,
			);
			buildRules = (
			);
			dependencies = (
				DCAF53DD1BF0594A005AB5DD /* PBXTargetDependency */,
			);
			name = Care4WoundsUITests;
			productName = Care4WoundsUITests;
			productReference = DCAF53DB1BF0594A005AB5DD /* Care4WoundsUITests.xctest */;
			productType = "com.apple.product-type.bundle.ui-testing";
		};
/* End PBXNativeTarget section */

/* Begin PBXProject section */
		DCAF53B41BF0594A005AB5DD /* Project object */ = {
			isa = PBXProject;
			attributes = {
				LastSwiftUpdateCheck = 0710;
				LastUpgradeCheck = 0710;
				ORGANIZATIONNAME = "UCI App Jam Team 5";
				TargetAttributes = {
					DCAF53BB1BF0594A005AB5DD = {
						CreatedOnToolsVersion = 7.1;
						DevelopmentTeam = H24HQB63J2;
					};
					DCAF53CF1BF0594A005AB5DD = {
						CreatedOnToolsVersion = 7.1;
						TestTargetID = DCAF53BB1BF0594A005AB5DD;
					};
					DCAF53DA1BF0594A005AB5DD = {
						CreatedOnToolsVersion = 7.1;
						TestTargetID = DCAF53BB1BF0594A005AB5DD;
					};
				};
			};
			buildConfigurationList = DCAF53B71BF0594A005AB5DD /* Build configuration list for PBXProject "Care4Wounds" */;
			compatibilityVersion = "Xcode 3.2";
			developmentRegion = English;
			hasScannedForEncodings = 0;
			knownRegions = (
				en,
				Base,
			);
			mainGroup = DCAF53B31BF0594A005AB5DD;
			productRefGroup = DCAF53BD1BF0594A005AB5DD /* Products */;
			projectDirPath = "";
			projectRoot = "";
			targets = (
				DCAF53BB1BF0594A005AB5DD /* Care4Wounds */,
				DCAF53CF1BF0594A005AB5DD /* Care4WoundsTests */,
				DCAF53DA1BF0594A005AB5DD /* Care4WoundsUITests */,
			);
		};
/* End PBXProject section */

/* Begin PBXResourcesBuildPhase section */
		DCAF53BA1BF0594A005AB5DD /* Resources */ = {
			isa = PBXResourcesBuildPhase;
			buildActionMask = 2147483647;
			files = (
				CBBB55781BF687180004D32F /* ConcernLevelVC.xib in Resources */,
				CB85A67D1BF82483006664EB /* FluidDrainageVC.xib in Resources */,
				DC839D091BF9498F00A3EFC3 /* WoundDataVC.xib in Resources */,
				CB85A6711BF817DB006664EB /* unsure.png in Resources */,
				DCAF53CA1BF0594A005AB5DD /* LaunchScreen.storyboard in Resources */,
				DCB341E91BF1979B0014F89B /* doctor.png in Resources */,
				DC839D011BF9494000A3EFC3 /* PhotoDetailVC.xib in Resources */,
				CB85A6701BF817DB006664EB /* sad.png in Resources */,
				DC63A2E71BF40443006AE2C4 /* treatment_plan.png in Resources */,
				DCB341C11BF154900014F89B /* WoundTableVC.xib in Resources */,
				DC839CFB1BF948A100A3EFC3 /* future.png in Resources */,
				DC839CF91BF9489800A3EFC3 /* stack_of_photos.png in Resources */,
				CBBB557C1BF688370004D32F /* SelectWoundVC.xib in Resources */,
				DCB341E71BF195B30014F89B /* wound.png in Resources */,
				DC839CFD1BF948F500A3EFC3 /* WoundOptionsVC.xib in Resources */,
				DC63A2E11BF40359006AE2C4 /* compact_camera.png in Resources */,
				DCE7D9721BF55C1600537CDA /* error.png in Resources */,
				DCAF53C71BF0594A005AB5DD /* Assets.xcassets in Resources */,
				DCF0D0CC1BF11A5900223547 /* MainMenuVC.xib in Resources */,
				DCB341B61BF154900014F89B /* PhotosVC.xib in Resources */,
				DC839D051BF9495300A3EFC3 /* SymptomsVC.xib in Resources */,
				CBA7F3221BF97B5D004755FC /* ConcernsVC.xib in Resources */,
				CB85A66F1BF817DB006664EB /* happy.jpg in Resources */,
			);
			runOnlyForDeploymentPostprocessing = 0;
		};
		DCAF53CE1BF0594A005AB5DD /* Resources */ = {
			isa = PBXResourcesBuildPhase;
			buildActionMask = 2147483647;
			files = (
			);
			runOnlyForDeploymentPostprocessing = 0;
		};
		DCAF53D91BF0594A005AB5DD /* Resources */ = {
			isa = PBXResourcesBuildPhase;
			buildActionMask = 2147483647;
			files = (
			);
			runOnlyForDeploymentPostprocessing = 0;
		};
/* End PBXResourcesBuildPhase section */

/* Begin PBXSourcesBuildPhase section */
		DCAF53B81BF0594A005AB5DD /* Sources */ = {
			isa = PBXSourcesBuildPhase;
			buildActionMask = 2147483647;
			files = (
				DC839D001BF9494000A3EFC3 /* PhotoDetailVC.swift in Sources */,
				DCB341B51BF154900014F89B /* PhotosVC.swift in Sources */,
				DC4229811BF80E6A00824E31 /* WoundOptionsVC.swift in Sources */,
				DCB341BE1BF154900014F89B /* WoundPhoto.swift in Sources */,
				DC839D081BF9498F00A3EFC3 /* WoundDataVC.swift in Sources */,
				DCB341E11BF160BF0014F89B /* WoundPhoto+CoreDataProperties.swift in Sources */,
				CB85A67F1BF827E3006664EB /* DoctorInfo.swift in Sources */,
				DC839D041BF9495300A3EFC3 /* SymptomsVC.swift in Sources */,
				CBBB557B1BF688370004D32F /* SelectWoundVC.swift in Sources */,
				DCB3419D1BF154870014F89B /* CoreDataHelper.swift in Sources */,
				CBA7F3211BF97B5D004755FC /* ConcernsVC.swift in Sources */,
				DCB341DB1BF160610014F89B /* Wound+CoreDataProperties.swift in Sources */,
				DCB341B81BF154900014F89B /* Wound.swift in Sources */,
				CBBB55771BF687180004D32F /* ConcernLevelVC.swift in Sources */,
				DCB341C01BF154900014F89B /* WoundTableVC.swift in Sources */,
				DCAF53C01BF0594A005AB5DD /* AppDelegate.swift in Sources */,
				DCF0D0BA1BF118DC00223547 /* MainMenuVC.swift in Sources */,
				DCB341D31BF155B30014F89B /* Care4Wounds.xcdatamodeld in Sources */,
				CB85A67C1BF82483006664EB /* FluidDrainageVC.swift in Sources */,
			);
			runOnlyForDeploymentPostprocessing = 0;
		};
		DCAF53CC1BF0594A005AB5DD /* Sources */ = {
			isa = PBXSourcesBuildPhase;
			buildActionMask = 2147483647;
			files = (
				DCAF53D51BF0594A005AB5DD /* Care4WoundsTests.swift in Sources */,
			);
			runOnlyForDeploymentPostprocessing = 0;
		};
		DCAF53D71BF0594A005AB5DD /* Sources */ = {
			isa = PBXSourcesBuildPhase;
			buildActionMask = 2147483647;
			files = (
				DCAF53E01BF0594A005AB5DD /* Care4WoundsUITests.swift in Sources */,
			);
			runOnlyForDeploymentPostprocessing = 0;
		};
/* End PBXSourcesBuildPhase section */

/* Begin PBXTargetDependency section */
		DCAF53D21BF0594A005AB5DD /* PBXTargetDependency */ = {
			isa = PBXTargetDependency;
			target = DCAF53BB1BF0594A005AB5DD /* Care4Wounds */;
			targetProxy = DCAF53D11BF0594A005AB5DD /* PBXContainerItemProxy */;
		};
		DCAF53DD1BF0594A005AB5DD /* PBXTargetDependency */ = {
			isa = PBXTargetDependency;
			target = DCAF53BB1BF0594A005AB5DD /* Care4Wounds */;
			targetProxy = DCAF53DC1BF0594A005AB5DD /* PBXContainerItemProxy */;
		};
/* End PBXTargetDependency section */

/* Begin PBXVariantGroup section */
		DCAF53C81BF0594A005AB5DD /* LaunchScreen.storyboard */ = {
			isa = PBXVariantGroup;
			children = (
				DCAF53C91BF0594A005AB5DD /* Base */,
			);
			name = LaunchScreen.storyboard;
			sourceTree = "<group>";
		};
/* End PBXVariantGroup section */

/* Begin XCBuildConfiguration section */
		DCAF53E21BF0594A005AB5DD /* Debug */ = {
			isa = XCBuildConfiguration;
			buildSettings = {
				ALWAYS_SEARCH_USER_PATHS = NO;
				CLANG_CXX_LANGUAGE_STANDARD = "gnu++0x";
				CLANG_CXX_LIBRARY = "libc++";
				CLANG_ENABLE_MODULES = YES;
				CLANG_ENABLE_OBJC_ARC = YES;
				CLANG_WARN_BOOL_CONVERSION = YES;
				CLANG_WARN_CONSTANT_CONVERSION = YES;
				CLANG_WARN_DIRECT_OBJC_ISA_USAGE = YES_ERROR;
				CLANG_WARN_EMPTY_BODY = YES;
				CLANG_WARN_ENUM_CONVERSION = YES;
				CLANG_WARN_INT_CONVERSION = YES;
				CLANG_WARN_OBJC_ROOT_CLASS = YES_ERROR;
				CLANG_WARN_UNREACHABLE_CODE = YES;
				CLANG_WARN__DUPLICATE_METHOD_MATCH = YES;
				"CODE_SIGN_IDENTITY[sdk=iphoneos*]" = "iPhone Developer";
				COPY_PHASE_STRIP = NO;
				DEBUG_INFORMATION_FORMAT = dwarf;
				ENABLE_STRICT_OBJC_MSGSEND = YES;
				ENABLE_TESTABILITY = YES;
				GCC_C_LANGUAGE_STANDARD = gnu99;
				GCC_DYNAMIC_NO_PIC = NO;
				GCC_NO_COMMON_BLOCKS = YES;
				GCC_OPTIMIZATION_LEVEL = 0;
				GCC_PREPROCESSOR_DEFINITIONS = (
					"DEBUG=1",
					"$(inherited)",
				);
				GCC_WARN_64_TO_32_BIT_CONVERSION = YES;
				GCC_WARN_ABOUT_RETURN_TYPE = YES_ERROR;
				GCC_WARN_UNDECLARED_SELECTOR = YES;
				GCC_WARN_UNINITIALIZED_AUTOS = YES_AGGRESSIVE;
				GCC_WARN_UNUSED_FUNCTION = YES;
				GCC_WARN_UNUSED_VARIABLE = YES;
				IPHONEOS_DEPLOYMENT_TARGET = 9.1;
				MTL_ENABLE_DEBUG_INFO = YES;
				ONLY_ACTIVE_ARCH = YES;
				SDKROOT = iphoneos;
				SWIFT_OPTIMIZATION_LEVEL = "-Onone";
				TARGETED_DEVICE_FAMILY = "1,2";
			};
			name = Debug;
		};
		DCAF53E31BF0594A005AB5DD /* Release */ = {
			isa = XCBuildConfiguration;
			buildSettings = {
				ALWAYS_SEARCH_USER_PATHS = NO;
				CLANG_CXX_LANGUAGE_STANDARD = "gnu++0x";
				CLANG_CXX_LIBRARY = "libc++";
				CLANG_ENABLE_MODULES = YES;
				CLANG_ENABLE_OBJC_ARC = YES;
				CLANG_WARN_BOOL_CONVERSION = YES;
				CLANG_WARN_CONSTANT_CONVERSION = YES;
				CLANG_WARN_DIRECT_OBJC_ISA_USAGE = YES_ERROR;
				CLANG_WARN_EMPTY_BODY = YES;
				CLANG_WARN_ENUM_CONVERSION = YES;
				CLANG_WARN_INT_CONVERSION = YES;
				CLANG_WARN_OBJC_ROOT_CLASS = YES_ERROR;
				CLANG_WARN_UNREACHABLE_CODE = YES;
				CLANG_WARN__DUPLICATE_METHOD_MATCH = YES;
				"CODE_SIGN_IDENTITY[sdk=iphoneos*]" = "iPhone Developer";
				COPY_PHASE_STRIP = NO;
				DEBUG_INFORMATION_FORMAT = "dwarf-with-dsym";
				ENABLE_NS_ASSERTIONS = NO;
				ENABLE_STRICT_OBJC_MSGSEND = YES;
				GCC_C_LANGUAGE_STANDARD = gnu99;
				GCC_NO_COMMON_BLOCKS = YES;
				GCC_WARN_64_TO_32_BIT_CONVERSION = YES;
				GCC_WARN_ABOUT_RETURN_TYPE = YES_ERROR;
				GCC_WARN_UNDECLARED_SELECTOR = YES;
				GCC_WARN_UNINITIALIZED_AUTOS = YES_AGGRESSIVE;
				GCC_WARN_UNUSED_FUNCTION = YES;
				GCC_WARN_UNUSED_VARIABLE = YES;
				IPHONEOS_DEPLOYMENT_TARGET = 9.1;
				MTL_ENABLE_DEBUG_INFO = NO;
				SDKROOT = iphoneos;
				TARGETED_DEVICE_FAMILY = "1,2";
				VALIDATE_PRODUCT = YES;
			};
			name = Release;
		};
		DCAF53E51BF0594A005AB5DD /* Debug */ = {
			isa = XCBuildConfiguration;
			buildSettings = {
				ASSETCATALOG_COMPILER_APPICON_NAME = AppIcon;
				CODE_SIGN_IDENTITY = "iPhone Developer";
				"CODE_SIGN_IDENTITY[sdk=iphoneos*]" = "iPhone Developer";
				INFOPLIST_FILE = Care4Wounds/Info.plist;
				IPHONEOS_DEPLOYMENT_TARGET = 9.0;
				LD_RUNPATH_SEARCH_PATHS = "$(inherited) @executable_path/Frameworks";
				PRODUCT_BUNDLE_IDENTIFIER = Team5.Care4Wounds;
				PRODUCT_NAME = "$(TARGET_NAME)";
				PROVISIONING_PROFILE = "";
				TARGETED_DEVICE_FAMILY = 1;
			};
			name = Debug;
		};
		DCAF53E61BF0594A005AB5DD /* Release */ = {
			isa = XCBuildConfiguration;
			buildSettings = {
				ASSETCATALOG_COMPILER_APPICON_NAME = AppIcon;
				CODE_SIGN_IDENTITY = "iPhone Developer";
				"CODE_SIGN_IDENTITY[sdk=iphoneos*]" = "iPhone Developer";
				INFOPLIST_FILE = Care4Wounds/Info.plist;
				IPHONEOS_DEPLOYMENT_TARGET = 9.0;
				LD_RUNPATH_SEARCH_PATHS = "$(inherited) @executable_path/Frameworks";
				PRODUCT_BUNDLE_IDENTIFIER = Team5.Care4Wounds;
				PRODUCT_NAME = "$(TARGET_NAME)";
				PROVISIONING_PROFILE = "";
				TARGETED_DEVICE_FAMILY = 1;
			};
			name = Release;
		};
		DCAF53E81BF0594A005AB5DD /* Debug */ = {
			isa = XCBuildConfiguration;
			buildSettings = {
				BUNDLE_LOADER = "$(TEST_HOST)";
				INFOPLIST_FILE = Care4WoundsTests/Info.plist;
				LD_RUNPATH_SEARCH_PATHS = "$(inherited) @executable_path/Frameworks @loader_path/Frameworks";
				PRODUCT_BUNDLE_IDENTIFIER = Team5.Care4WoundsTests;
				PRODUCT_NAME = "$(TARGET_NAME)";
				TEST_HOST = "$(BUILT_PRODUCTS_DIR)/Care4Wounds.app/Care4Wounds";
			};
			name = Debug;
		};
		DCAF53E91BF0594A005AB5DD /* Release */ = {
			isa = XCBuildConfiguration;
			buildSettings = {
				BUNDLE_LOADER = "$(TEST_HOST)";
				INFOPLIST_FILE = Care4WoundsTests/Info.plist;
				LD_RUNPATH_SEARCH_PATHS = "$(inherited) @executable_path/Frameworks @loader_path/Frameworks";
				PRODUCT_BUNDLE_IDENTIFIER = Team5.Care4WoundsTests;
				PRODUCT_NAME = "$(TARGET_NAME)";
				TEST_HOST = "$(BUILT_PRODUCTS_DIR)/Care4Wounds.app/Care4Wounds";
			};
			name = Release;
		};
		DCAF53EB1BF0594A005AB5DD /* Debug */ = {
			isa = XCBuildConfiguration;
			buildSettings = {
				INFOPLIST_FILE = Care4WoundsUITests/Info.plist;
				LD_RUNPATH_SEARCH_PATHS = "$(inherited) @executable_path/Frameworks @loader_path/Frameworks";
				PRODUCT_BUNDLE_IDENTIFIER = Team5.Care4WoundsUITests;
				PRODUCT_NAME = "$(TARGET_NAME)";
				TEST_TARGET_NAME = Care4Wounds;
				USES_XCTRUNNER = YES;
			};
			name = Debug;
		};
		DCAF53EC1BF0594A005AB5DD /* Release */ = {
			isa = XCBuildConfiguration;
			buildSettings = {
				INFOPLIST_FILE = Care4WoundsUITests/Info.plist;
				LD_RUNPATH_SEARCH_PATHS = "$(inherited) @executable_path/Frameworks @loader_path/Frameworks";
				PRODUCT_BUNDLE_IDENTIFIER = Team5.Care4WoundsUITests;
				PRODUCT_NAME = "$(TARGET_NAME)";
				TEST_TARGET_NAME = Care4Wounds;
				USES_XCTRUNNER = YES;
			};
			name = Release;
		};
/* End XCBuildConfiguration section */

/* Begin XCConfigurationList section */
		DCAF53B71BF0594A005AB5DD /* Build configuration list for PBXProject "Care4Wounds" */ = {
			isa = XCConfigurationList;
			buildConfigurations = (
				DCAF53E21BF0594A005AB5DD /* Debug */,
				DCAF53E31BF0594A005AB5DD /* Release */,
			);
			defaultConfigurationIsVisible = 0;
			defaultConfigurationName = Release;
		};
		DCAF53E41BF0594A005AB5DD /* Build configuration list for PBXNativeTarget "Care4Wounds" */ = {
			isa = XCConfigurationList;
			buildConfigurations = (
				DCAF53E51BF0594A005AB5DD /* Debug */,
				DCAF53E61BF0594A005AB5DD /* Release */,
			);
			defaultConfigurationIsVisible = 0;
			defaultConfigurationName = Release;
		};
		DCAF53E71BF0594A005AB5DD /* Build configuration list for PBXNativeTarget "Care4WoundsTests" */ = {
			isa = XCConfigurationList;
			buildConfigurations = (
				DCAF53E81BF0594A005AB5DD /* Debug */,
				DCAF53E91BF0594A005AB5DD /* Release */,
			);
			defaultConfigurationIsVisible = 0;
			defaultConfigurationName = Release;
		};
		DCAF53EA1BF0594A005AB5DD /* Build configuration list for PBXNativeTarget "Care4WoundsUITests" */ = {
			isa = XCConfigurationList;
			buildConfigurations = (
				DCAF53EB1BF0594A005AB5DD /* Debug */,
				DCAF53EC1BF0594A005AB5DD /* Release */,
			);
			defaultConfigurationIsVisible = 0;
			defaultConfigurationName = Release;
		};
/* End XCConfigurationList section */

/* Begin XCVersionGroup section */
		DCB341D11BF155B30014F89B /* Care4Wounds.xcdatamodeld */ = {
			isa = XCVersionGroup;
			children = (
				DCB341D21BF155B30014F89B /* Care4Wounds.xcdatamodel */,
			);
			currentVersion = DCB341D21BF155B30014F89B /* Care4Wounds.xcdatamodel */;
			path = Care4Wounds.xcdatamodeld;
			sourceTree = "<group>";
			versionGroupType = wrapper.xcdatamodel;
		};
/* End XCVersionGroup section */
	};
	rootObject = DCAF53B41BF0594A005AB5DD /* Project object */;
}
