// !$*UTF8*$!
{
	archiveVersion = 1;
	classes = {
	};
	objectVersion = 46;
	objects = {

/* Begin PBXBuildFile section */
		DCAF53C01BF0594A005AB5DD /* AppDelegate.swift in Sources */ = {isa = PBXBuildFile; fileRef = DCAF53BF1BF0594A005AB5DD /* AppDelegate.swift */; };
		DCAF53C71BF0594A005AB5DD /* Assets.xcassets in Resources */ = {isa = PBXBuildFile; fileRef = DCAF53C61BF0594A005AB5DD /* Assets.xcassets */; };
		DCAF53CA1BF0594A005AB5DD /* LaunchScreen.storyboard in Resources */ = {isa = PBXBuildFile; fileRef = DCAF53C81BF0594A005AB5DD /* LaunchScreen.storyboard */; };
		DCAF53D51BF0594A005AB5DD /* Care4WoundsTests.swift in Sources */ = {isa = PBXBuildFile; fileRef = DCAF53D41BF0594A005AB5DD /* Care4WoundsTests.swift */; };
		DCAF53E01BF0594A005AB5DD /* Care4WoundsUITests.swift in Sources */ = {isa = PBXBuildFile; fileRef = DCAF53DF1BF0594A005AB5DD /* Care4WoundsUITests.swift */; };
		DCB341921BF154670014F89B /* AddWoundVC.swift in Sources */ = {isa = PBXBuildFile; fileRef = DCB341901BF154670014F89B /* AddWoundVC.swift */; };
		DCB341931BF154670014F89B /* AddWoundVC.xib in Resources */ = {isa = PBXBuildFile; fileRef = DCB341911BF154670014F89B /* AddWoundVC.xib */; };
		DCB3419A1BF154870014F89B /* camera_icon.png in Resources */ = {isa = PBXBuildFile; fileRef = DCB341941BF154870014F89B /* camera_icon.png */; };
		DCB3419B1BF154870014F89B /* CameraVC.swift in Sources */ = {isa = PBXBuildFile; fileRef = DCB341951BF154870014F89B /* CameraVC.swift */; };
		DCB3419C1BF154870014F89B /* CameraVC.xib in Resources */ = {isa = PBXBuildFile; fileRef = DCB341961BF154870014F89B /* CameraVC.xib */; };
		DCB3419D1BF154870014F89B /* CoreDataHelper.swift in Sources */ = {isa = PBXBuildFile; fileRef = DCB341971BF154870014F89B /* CoreDataHelper.swift */; };
		DCB341B31BF154900014F89B /* PhotoDetailVC.swift in Sources */ = {isa = PBXBuildFile; fileRef = DCB341A11BF154900014F89B /* PhotoDetailVC.swift */; };
		DCB341B41BF154900014F89B /* PhotoDetailVC.xib in Resources */ = {isa = PBXBuildFile; fileRef = DCB341A21BF154900014F89B /* PhotoDetailVC.xib */; };
		DCB341B51BF154900014F89B /* PhotosVC.swift in Sources */ = {isa = PBXBuildFile; fileRef = DCB341A31BF154900014F89B /* PhotosVC.swift */; };
		DCB341B61BF154900014F89B /* PhotosVC.xib in Resources */ = {isa = PBXBuildFile; fileRef = DCB341A41BF154900014F89B /* PhotosVC.xib */; };
		DCB341B71BF154900014F89B /* save.png in Resources */ = {isa = PBXBuildFile; fileRef = DCB341A51BF154900014F89B /* save.png */; };
		DCB341B81BF154900014F89B /* Wound.swift in Sources */ = {isa = PBXBuildFile; fileRef = DCB341A61BF154900014F89B /* Wound.swift */; };
		DCB341B91BF154900014F89B /* Wound+CoreDataProperties.swift in Sources */ = {isa = PBXBuildFile; fileRef = DCB341A71BF154900014F89B /* Wound+CoreDataProperties.swift */; };
		DCB341BA1BF154900014F89B /* WoundDataVC.swift in Sources */ = {isa = PBXBuildFile; fileRef = DCB341A81BF154900014F89B /* WoundDataVC.swift */; };
		DCB341BB1BF154900014F89B /* WoundDataVC.xib in Resources */ = {isa = PBXBuildFile; fileRef = DCB341A91BF154900014F89B /* WoundDataVC.xib */; };
		DCB341BC1BF154900014F89B /* WoundOptionsVC.swift in Sources */ = {isa = PBXBuildFile; fileRef = DCB341AA1BF154900014F89B /* WoundOptionsVC.swift */; };
		DCB341BD1BF154900014F89B /* WoundOptionsVC.xib in Resources */ = {isa = PBXBuildFile; fileRef = DCB341AB1BF154900014F89B /* WoundOptionsVC.xib */; };
		DCB341BE1BF154900014F89B /* WoundPhoto.swift in Sources */ = {isa = PBXBuildFile; fileRef = DCB341AC1BF154900014F89B /* WoundPhoto.swift */; };
		DCB341BF1BF154900014F89B /* WoundPhoto+CoreDataProperties.swift in Sources */ = {isa = PBXBuildFile; fileRef = DCB341AD1BF154900014F89B /* WoundPhoto+CoreDataProperties.swift */; };
		DCB341C01BF154900014F89B /* WoundTableVC.swift in Sources */ = {isa = PBXBuildFile; fileRef = DCB341AE1BF154900014F89B /* WoundTableVC.swift */; };
		DCB341C11BF154900014F89B /* WoundTableVC.xib in Resources */ = {isa = PBXBuildFile; fileRef = DCB341AF1BF154900014F89B /* WoundTableVC.xib */; };
		DCB341C21BF154900014F89B /* x.png in Resources */ = {isa = PBXBuildFile; fileRef = DCB341B01BF154900014F89B /* x.png */; };
		DCB341CC1BF1550F0014F89B /* PhotoAnalysisVC.swift in Sources */ = {isa = PBXBuildFile; fileRef = DCB341CA1BF1550F0014F89B /* PhotoAnalysisVC.swift */; };
		DCB341CD1BF1550F0014F89B /* PhotoAnalysisVC.xib in Resources */ = {isa = PBXBuildFile; fileRef = DCB341CB1BF1550F0014F89B /* PhotoAnalysisVC.xib */; };
		DCB341D31BF155B30014F89B /* Care4Wounds.xcdatamodeld in Sources */ = {isa = PBXBuildFile; fileRef = DCB341D11BF155B30014F89B /* Care4Wounds.xcdatamodeld */; };
		DCF0D0BA1BF118DC00223547 /* MainMenuVC.swift in Sources */ = {isa = PBXBuildFile; fileRef = DCF0D0B91BF118DC00223547 /* MainMenuVC.swift */; };
		DCF0D0CC1BF11A5900223547 /* MainMenuVC.xib in Resources */ = {isa = PBXBuildFile; fileRef = DCF0D0CB1BF11A5900223547 /* MainMenuVC.xib */; };
/* End PBXBuildFile section */

/* Begin PBXContainerItemProxy section */
		DCAF53D11BF0594A005AB5DD /* PBXContainerItemProxy */ = {
			isa = PBXContainerItemProxy;
			containerPortal = DCAF53B41BF0594A005AB5DD /* Project object */;
			proxyType = 1;
			remoteGlobalIDString = DCAF53BB1BF0594A005AB5DD;
			remoteInfo = Care4Wounds;
		};
		DCAF53DC1BF0594A005AB5DD /* PBXContainerItemProxy */ = {
			isa = PBXContainerItemProxy;
			containerPortal = DCAF53B41BF0594A005AB5DD /* Project object */;
			proxyType = 1;
			remoteGlobalIDString = DCAF53BB1BF0594A005AB5DD;
			remoteInfo = Care4Wounds;
		};
/* End PBXContainerItemProxy section */

/* Begin PBXFileReference section */
		DCAF53BC1BF0594A005AB5DD /* Care4Wounds.app */ = {isa = PBXFileReference; explicitFileType = wrapper.application; includeInIndex = 0; path = Care4Wounds.app; sourceTree = BUILT_PRODUCTS_DIR; };
		DCAF53BF1BF0594A005AB5DD /* AppDelegate.swift */ = {isa = PBXFileReference; lastKnownFileType = sourcecode.swift; path = AppDelegate.swift; sourceTree = "<group>"; };
		DCAF53C61BF0594A005AB5DD /* Assets.xcassets */ = {isa = PBXFileReference; lastKnownFileType = folder.assetcatalog; path = Assets.xcassets; sourceTree = "<group>"; };
		DCAF53C91BF0594A005AB5DD /* Base */ = {isa = PBXFileReference; lastKnownFileType = file.storyboard; name = Base; path = Base.lproj/LaunchScreen.storyboard; sourceTree = "<group>"; };
		DCAF53CB1BF0594A005AB5DD /* Info.plist */ = {isa = PBXFileReference; lastKnownFileType = text.plist.xml; path = Info.plist; sourceTree = "<group>"; };
		DCAF53D01BF0594A005AB5DD /* Care4WoundsTests.xctest */ = {isa = PBXFileReference; explicitFileType = wrapper.cfbundle; includeInIndex = 0; path = Care4WoundsTests.xctest; sourceTree = BUILT_PRODUCTS_DIR; };
		DCAF53D41BF0594A005AB5DD /* Care4WoundsTests.swift */ = {isa = PBXFileReference; lastKnownFileType = sourcecode.swift; path = Care4WoundsTests.swift; sourceTree = "<group>"; };
		DCAF53D61BF0594A005AB5DD /* Info.plist */ = {isa = PBXFileReference; lastKnownFileType = text.plist.xml; path = Info.plist; sourceTree = "<group>"; };
		DCAF53DB1BF0594A005AB5DD /* Care4WoundsUITests.xctest */ = {isa = PBXFileReference; explicitFileType = wrapper.cfbundle; includeInIndex = 0; path = Care4WoundsUITests.xctest; sourceTree = BUILT_PRODUCTS_DIR; };
		DCAF53DF1BF0594A005AB5DD /* Care4WoundsUITests.swift */ = {isa = PBXFileReference; lastKnownFileType = sourcecode.swift; path = Care4WoundsUITests.swift; sourceTree = "<group>"; };
		DCAF53E11BF0594A005AB5DD /* Info.plist */ = {isa = PBXFileReference; lastKnownFileType = text.plist.xml; path = Info.plist; sourceTree = "<group>"; };
		DCB341901BF154670014F89B /* AddWoundVC.swift */ = {isa = PBXFileReference; fileEncoding = 4; lastKnownFileType = sourcecode.swift; path = AddWoundVC.swift; sourceTree = "<group>"; };
		DCB341911BF154670014F89B /* AddWoundVC.xib */ = {isa = PBXFileReference; fileEncoding = 4; lastKnownFileType = file.xib; path = AddWoundVC.xib; sourceTree = "<group>"; };
		DCB341941BF154870014F89B /* camera_icon.png */ = {isa = PBXFileReference; lastKnownFileType = image.png; path = camera_icon.png; sourceTree = "<group>"; };
		DCB341951BF154870014F89B /* CameraVC.swift */ = {isa = PBXFileReference; fileEncoding = 4; lastKnownFileType = sourcecode.swift; path = CameraVC.swift; sourceTree = "<group>"; };
		DCB341961BF154870014F89B /* CameraVC.xib */ = {isa = PBXFileReference; fileEncoding = 4; lastKnownFileType = file.xib; path = CameraVC.xib; sourceTree = "<group>"; };
		DCB341971BF154870014F89B /* CoreDataHelper.swift */ = {isa = PBXFileReference; fileEncoding = 4; lastKnownFileType = sourcecode.swift; path = CoreDataHelper.swift; sourceTree = "<group>"; };
		DCB341A11BF154900014F89B /* PhotoDetailVC.swift */ = {isa = PBXFileReference; fileEncoding = 4; lastKnownFileType = sourcecode.swift; path = PhotoDetailVC.swift; sourceTree = "<group>"; };
		DCB341A21BF154900014F89B /* PhotoDetailVC.xib */ = {isa = PBXFileReference; fileEncoding = 4; lastKnownFileType = file.xib; path = PhotoDetailVC.xib; sourceTree = "<group>"; };
		DCB341A31BF154900014F89B /* PhotosVC.swift */ = {isa = PBXFileReference; fileEncoding = 4; lastKnownFileType = sourcecode.swift; path = PhotosVC.swift; sourceTree = "<group>"; };
		DCB341A41BF154900014F89B /* PhotosVC.xib */ = {isa = PBXFileReference; fileEncoding = 4; lastKnownFileType = file.xib; path = PhotosVC.xib; sourceTree = "<group>"; };
		DCB341A51BF154900014F89B /* save.png */ = {isa = PBXFileReference; lastKnownFileType = image.png; path = save.png; sourceTree = "<group>"; };
		DCB341A61BF154900014F89B /* Wound.swift */ = {isa = PBXFileReference; fileEncoding = 4; lastKnownFileType = sourcecode.swift; path = Wound.swift; sourceTree = "<group>"; };
		DCB341A71BF154900014F89B /* Wound+CoreDataProperties.swift */ = {isa = PBXFileReference; fileEncoding = 4; lastKnownFileType = sourcecode.swift; path = "Wound+CoreDataProperties.swift"; sourceTree = "<group>"; };
		DCB341A81BF154900014F89B /* WoundDataVC.swift */ = {isa = PBXFileReference; fileEncoding = 4; lastKnownFileType = sourcecode.swift; path = WoundDataVC.swift; sourceTree = "<group>"; };
		DCB341A91BF154900014F89B /* WoundDataVC.xib */ = {isa = PBXFileReference; fileEncoding = 4; lastKnownFileType = file.xib; path = WoundDataVC.xib; sourceTree = "<group>"; };
		DCB341AA1BF154900014F89B /* WoundOptionsVC.swift */ = {isa = PBXFileReference; fileEncoding = 4; lastKnownFileType = sourcecode.swift; path = WoundOptionsVC.swift; sourceTree = "<group>"; };
		DCB341AB1BF154900014F89B /* WoundOptionsVC.xib */ = {isa = PBXFileReference; fileEncoding = 4; lastKnownFileType = file.xib; path = WoundOptionsVC.xib; sourceTree = "<group>"; };
		DCB341AC1BF154900014F89B /* WoundPhoto.swift */ = {isa = PBXFileReference; fileEncoding = 4; lastKnownFileType = sourcecode.swift; path = WoundPhoto.swift; sourceTree = "<group>"; };
		DCB341AD1BF154900014F89B /* WoundPhoto+CoreDataProperties.swift */ = {isa = PBXFileReference; fileEncoding = 4; lastKnownFileType = sourcecode.swift; path = "WoundPhoto+CoreDataProperties.swift"; sourceTree = "<group>"; };
		DCB341AE1BF154900014F89B /* WoundTableVC.swift */ = {isa = PBXFileReference; fileEncoding = 4; lastKnownFileType = sourcecode.swift; path = WoundTableVC.swift; sourceTree = "<group>"; };
		DCB341AF1BF154900014F89B /* WoundTableVC.xib */ = {isa = PBXFileReference; fileEncoding = 4; lastKnownFileType = file.xib; path = WoundTableVC.xib; sourceTree = "<group>"; };
		DCB341B01BF154900014F89B /* x.png */ = {isa = PBXFileReference; lastKnownFileType = image.png; path = x.png; sourceTree = "<group>"; };
		DCB341CA1BF1550F0014F89B /* PhotoAnalysisVC.swift */ = {isa = PBXFileReference; fileEncoding = 4; lastKnownFileType = sourcecode.swift; path = PhotoAnalysisVC.swift; sourceTree = "<group>"; };
		DCB341CB1BF1550F0014F89B /* PhotoAnalysisVC.xib */ = {isa = PBXFileReference; fileEncoding = 4; lastKnownFileType = file.xib; path = PhotoAnalysisVC.xib; sourceTree = "<group>"; };
		DCB341D21BF155B30014F89B /* Care4Wounds.xcdatamodel */ = {isa = PBXFileReference; lastKnownFileType = wrapper.xcdatamodel; path = Care4Wounds.xcdatamodel; sourceTree = "<group>"; };
		DCF0D0B91BF118DC00223547 /* MainMenuVC.swift */ = {isa = PBXFileReference; fileEncoding = 4; lastKnownFileType = sourcecode.swift; path = MainMenuVC.swift; sourceTree = "<group>"; };
		DCF0D0CB1BF11A5900223547 /* MainMenuVC.xib */ = {isa = PBXFileReference; fileEncoding = 4; lastKnownFileType = file.xib; path = MainMenuVC.xib; sourceTree = "<group>"; };
/* End PBXFileReference section */

/* Begin PBXFrameworksBuildPhase section */
		DCAF53B91BF0594A005AB5DD /* Frameworks */ = {
			isa = PBXFrameworksBuildPhase;
			buildActionMask = 2147483647;
			files = (
			);
			runOnlyForDeploymentPostprocessing = 0;
		};
		DCAF53CD1BF0594A005AB5DD /* Frameworks */ = {
			isa = PBXFrameworksBuildPhase;
			buildActionMask = 2147483647;
			files = (
			);
			runOnlyForDeploymentPostprocessing = 0;
		};
		DCAF53D81BF0594A005AB5DD /* Frameworks */ = {
			isa = PBXFrameworksBuildPhase;
			buildActionMask = 2147483647;
			files = (
			);
			runOnlyForDeploymentPostprocessing = 0;
		};
/* End PBXFrameworksBuildPhase section */

/* Begin PBXGroup section */
		DCAF53B31BF0594A005AB5DD = {
			isa = PBXGroup;
			children = (
				DCAF53BE1BF0594A005AB5DD /* Care4Wounds */,
				DCAF53D31BF0594A005AB5DD /* Care4WoundsTests */,
				DCAF53DE1BF0594A005AB5DD /* Care4WoundsUITests */,
				DCAF53BD1BF0594A005AB5DD /* Products */,
			);
			sourceTree = "<group>";
		};
		DCAF53BD1BF0594A005AB5DD /* Products */ = {
			isa = PBXGroup;
			children = (
				DCAF53BC1BF0594A005AB5DD /* Care4Wounds.app */,
				DCAF53D01BF0594A005AB5DD /* Care4WoundsTests.xctest */,
				DCAF53DB1BF0594A005AB5DD /* Care4WoundsUITests.xctest */,
			);
			name = Products;
			sourceTree = "<group>";
		};
		DCAF53BE1BF0594A005AB5DD /* Care4Wounds */ = {
			isa = PBXGroup;
			children = (
				DCAF53BF1BF0594A005AB5DD /* AppDelegate.swift */,
				DCF0D0B91BF118DC00223547 /* MainMenuVC.swift */,
				DCF0D0CB1BF11A5900223547 /* MainMenuVC.xib */,
				DCB341D01BF155460014F89B /* Wound Management */,
				DCB341CF1BF155390014F89B /* Core Data */,
				DCB341C31BF154A60014F89B /* Assets */,
				DCAF53C61BF0594A005AB5DD /* Assets.xcassets */,
				DCAF53C81BF0594A005AB5DD /* LaunchScreen.storyboard */,
				DCAF53CB1BF0594A005AB5DD /* Info.plist */,
			);
			path = Care4Wounds;
			sourceTree = "<group>";
		};
		DCAF53D31BF0594A005AB5DD /* Care4WoundsTests */ = {
			isa = PBXGroup;
			children = (
				DCAF53D41BF0594A005AB5DD /* Care4WoundsTests.swift */,
				DCAF53D61BF0594A005AB5DD /* Info.plist */,
			);
			path = Care4WoundsTests;
			sourceTree = "<group>";
		};
		DCAF53DE1BF0594A005AB5DD /* Care4WoundsUITests */ = {
			isa = PBXGroup;
			children = (
				DCAF53DF1BF0594A005AB5DD /* Care4WoundsUITests.swift */,
				DCAF53E11BF0594A005AB5DD /* Info.plist */,
			);
			path = Care4WoundsUITests;
			sourceTree = "<group>";
		};
		DCB341C31BF154A60014F89B /* Assets */ = {
			isa = PBXGroup;
			children = (
				DCB341A51BF154900014F89B /* save.png */,
				DCB341B01BF154900014F89B /* x.png */,
				DCB341941BF154870014F89B /* camera_icon.png */,
			);
			name = Assets;
			sourceTree = "<group>";
		};
		DCB341CE1BF1551D0014F89B /* Wound Options */ = {
			isa = PBXGroup;
			children = (
				DCB341A11BF154900014F89B /* PhotoDetailVC.swift */,
				DCB341A21BF154900014F89B /* PhotoDetailVC.xib */,
				DCB341CA1BF1550F0014F89B /* PhotoAnalysisVC.swift */,
				DCB341CB1BF1550F0014F89B /* PhotoAnalysisVC.xib */,
				DCB341A31BF154900014F89B /* PhotosVC.swift */,
				DCB341A41BF154900014F89B /* PhotosVC.xib */,
				DCB341951BF154870014F89B /* CameraVC.swift */,
				DCB341961BF154870014F89B /* CameraVC.xib */,
				DCB341A81BF154900014F89B /* WoundDataVC.swift */,
				DCB341A91BF154900014F89B /* WoundDataVC.xib */,
			);
			name = "Wound Options";
			sourceTree = "<group>";
		};
		DCB341CF1BF155390014F89B /* Core Data */ = {
			isa = PBXGroup;
			children = (
				DCB341A61BF154900014F89B /* Wound.swift */,
				DCB341A71BF154900014F89B /* Wound+CoreDataProperties.swift */,
				DCB341AC1BF154900014F89B /* WoundPhoto.swift */,
				DCB341AD1BF154900014F89B /* WoundPhoto+CoreDataProperties.swift */,
				DCB341971BF154870014F89B /* CoreDataHelper.swift */,
				DCB341D11BF155B30014F89B /* Care4Wounds.xcdatamodeld */,
			);
			name = "Core Data";
			sourceTree = "<group>";
		};
		DCB341D01BF155460014F89B /* Wound Management */ = {
			isa = PBXGroup;
			children = (
				DCB341AE1BF154900014F89B /* WoundTableVC.swift */,
				DCB341AF1BF154900014F89B /* WoundTableVC.xib */,
				DCB341901BF154670014F89B /* AddWoundVC.swift */,
				DCB341911BF154670014F89B /* AddWoundVC.xib */,
				DCB341AA1BF154900014F89B /* WoundOptionsVC.swift */,
				DCB341AB1BF154900014F89B /* WoundOptionsVC.xib */,
				DCB341CE1BF1551D0014F89B /* Wound Options */,
			);
			name = "Wound Management";
			sourceTree = "<group>";
		};
/* End PBXGroup section */

/* Begin PBXNativeTarget section */
		DCAF53BB1BF0594A005AB5DD /* Care4Wounds */ = {
			isa = PBXNativeTarget;
			buildConfigurationList = DCAF53E41BF0594A005AB5DD /* Build configuration list for PBXNativeTarget "Care4Wounds" */;
			buildPhases = (
				DCAF53B81BF0594A005AB5DD /* Sources */,
				DCAF53B91BF0594A005AB5DD /* Frameworks */,
				DCAF53BA1BF0594A005AB5DD /* Resources */,
			);
			buildRules = (
			);
			dependencies = (
			);
			name = Care4Wounds;
			productName = Care4Wounds;
			productReference = DCAF53BC1BF0594A005AB5DD /* Care4Wounds.app */;
			productType = "com.apple.product-type.application";
		};
		DCAF53CF1BF0594A005AB5DD /* Care4WoundsTests */ = {
			isa = PBXNativeTarget;
			buildConfigurationList = DCAF53E71BF0594A005AB5DD /* Build configuration list for PBXNativeTarget "Care4WoundsTests" */;
			buildPhases = (
				DCAF53CC1BF0594A005AB5DD /* Sources */,
				DCAF53CD1BF0594A005AB5DD /* Frameworks */,
				DCAF53CE1BF0594A005AB5DD /* Resources */,
			);
			buildRules = (
			);
			dependencies = (
				DCAF53D21BF0594A005AB5DD /* PBXTargetDependency */,
			);
			name = Care4WoundsTests;
			productName = Care4WoundsTests;
			productReference = DCAF53D01BF0594A005AB5DD /* Care4WoundsTests.xctest */;
			productType = "com.apple.product-type.bundle.unit-test";
		};
		DCAF53DA1BF0594A005AB5DD /* Care4WoundsUITests */ = {
			isa = PBXNativeTarget;
			buildConfigurationList = DCAF53EA1BF0594A005AB5DD /* Build configuration list for PBXNativeTarget "Care4WoundsUITests" */;
			buildPhases = (
				DCAF53D71BF0594A005AB5DD /* Sources */,
				DCAF53D81BF0594A005AB5DD /* Frameworks */,
				DCAF53D91BF0594A005AB5DD /* Resources */,
			);
			buildRules = (
			);
			dependencies = (
				DCAF53DD1BF0594A005AB5DD /* PBXTargetDependency */,
			);
			name = Care4WoundsUITests;
			productName = Care4WoundsUITests;
			productReference = DCAF53DB1BF0594A005AB5DD /* Care4WoundsUITests.xctest */;
			productType = "com.apple.product-type.bundle.ui-testing";
		};
/* End PBXNativeTarget section */

/* Begin PBXProject section */
		DCAF53B41BF0594A005AB5DD /* Project object */ = {
			isa = PBXProject;
			attributes = {
				LastSwiftUpdateCheck = 0710;
				LastUpgradeCheck = 0710;
				ORGANIZATIONNAME = "UCI App Jam Team 5";
				TargetAttributes = {
					DCAF53BB1BF0594A005AB5DD = {
						CreatedOnToolsVersion = 7.1;
					};
					DCAF53CF1BF0594A005AB5DD = {
						CreatedOnToolsVersion = 7.1;
						TestTargetID = DCAF53BB1BF0594A005AB5DD;
					};
					DCAF53DA1BF0594A005AB5DD = {
						CreatedOnToolsVersion = 7.1;
						TestTargetID = DCAF53BB1BF0594A005AB5DD;
					};
				};
			};
			buildConfigurationList = DCAF53B71BF0594A005AB5DD /* Build configuration list for PBXProject "Care4Wounds" */;
			compatibilityVersion = "Xcode 3.2";
			developmentRegion = English;
			hasScannedForEncodings = 0;
			knownRegions = (
				en,
				Base,
			);
			mainGroup = DCAF53B31BF0594A005AB5DD;
			productRefGroup = DCAF53BD1BF0594A005AB5DD /* Products */;
			projectDirPath = "";
			projectRoot = "";
			targets = (
				DCAF53BB1BF0594A005AB5DD /* Care4Wounds */,
				DCAF53CF1BF0594A005AB5DD /* Care4WoundsTests */,
				DCAF53DA1BF0594A005AB5DD /* Care4WoundsUITests */,
			);
		};
/* End PBXProject section */

/* Begin PBXResourcesBuildPhase section */
		DCAF53BA1BF0594A005AB5DD /* Resources */ = {
			isa = PBXResourcesBuildPhase;
			buildActionMask = 2147483647;
			files = (
				DCB341B41BF154900014F89B /* PhotoDetailVC.xib in Resources */,
				DCAF53CA1BF0594A005AB5DD /* LaunchScreen.storyboard in Resources */,
				DCB341C21BF154900014F89B /* x.png in Resources */,
				DCB341BB1BF154900014F89B /* WoundDataVC.xib in Resources */,
				DCB3419C1BF154870014F89B /* CameraVC.xib in Resources */,
				DCB341C11BF154900014F89B /* WoundTableVC.xib in Resources */,
				DCB341CD1BF1550F0014F89B /* PhotoAnalysisVC.xib in Resources */,
				DCB3419A1BF154870014F89B /* camera_icon.png in Resources */,
				DCB341BD1BF154900014F89B /* WoundOptionsVC.xib in Resources */,
				DCAF53C71BF0594A005AB5DD /* Assets.xcassets in Resources */,
				DCB341B71BF154900014F89B /* save.png in Resources */,
				DCB341931BF154670014F89B /* AddWoundVC.xib in Resources */,
				DCF0D0CC1BF11A5900223547 /* MainMenuVC.xib in Resources */,
				DCB341B61BF154900014F89B /* PhotosVC.xib in Resources */,
			);
			runOnlyForDeploymentPostprocessing = 0;
		};
		DCAF53CE1BF0594A005AB5DD /* Resources */ = {
			isa = PBXResourcesBuildPhase;
			buildActionMask = 2147483647;
			files = (
			);
			runOnlyForDeploymentPostprocessing = 0;
		};
		DCAF53D91BF0594A005AB5DD /* Resources */ = {
			isa = PBXResourcesBuildPhase;
			buildActionMask = 2147483647;
			files = (
			);
			runOnlyForDeploymentPostprocessing = 0;
		};
/* End PBXResourcesBuildPhase section */

/* Begin PBXSourcesBuildPhase section */
		DCAF53B81BF0594A005AB5DD /* Sources */ = {
			isa = PBXSourcesBuildPhase;
			buildActionMask = 2147483647;
			files = (
				DCB341B51BF154900014F89B /* PhotosVC.swift in Sources */,
				DCB341BE1BF154900014F89B /* WoundPhoto.swift in Sources */,
				DCB341BC1BF154900014F89B /* WoundOptionsVC.swift in Sources */,
				DCB341BF1BF154900014F89B /* WoundPhoto+CoreDataProperties.swift in Sources */,
				DCB341B91BF154900014F89B /* Wound+CoreDataProperties.swift in Sources */,
				DCB3419D1BF154870014F89B /* CoreDataHelper.swift in Sources */,
				DCB341BA1BF154900014F89B /* WoundDataVC.swift in Sources */,
				DCB341CC1BF1550F0014F89B /* PhotoAnalysisVC.swift in Sources */,
				DCB341921BF154670014F89B /* AddWoundVC.swift in Sources */,
				DCB341B81BF154900014F89B /* Wound.swift in Sources */,
				DCB341C01BF154900014F89B /* WoundTableVC.swift in Sources */,
				DCB341B31BF154900014F89B /* PhotoDetailVC.swift in Sources */,
				DCAF53C01BF0594A005AB5DD /* AppDelegate.swift in Sources */,
				DCF0D0BA1BF118DC00223547 /* MainMenuVC.swift in Sources */,
				DCB3419B1BF154870014F89B /* CameraVC.swift in Sources */,
				DCB341D31BF155B30014F89B /* Care4Wounds.xcdatamodeld in Sources */,
			);
			runOnlyForDeploymentPostprocessing = 0;
		};
		DCAF53CC1BF0594A005AB5DD /* Sources */ = {
			isa = PBXSourcesBuildPhase;
			buildActionMask = 2147483647;
			files = (
				DCAF53D51BF0594A005AB5DD /* Care4WoundsTests.swift in Sources */,
			);
			runOnlyForDeploymentPostprocessing = 0;
		};
		DCAF53D71BF0594A005AB5DD /* Sources */ = {
			isa = PBXSourcesBuildPhase;
			buildActionMask = 2147483647;
			files = (
				DCAF53E01BF0594A005AB5DD /* Care4WoundsUITests.swift in Sources */,
			);
			runOnlyForDeploymentPostprocessing = 0;
		};
/* End PBXSourcesBuildPhase section */

/* Begin PBXTargetDependency section */
		DCAF53D21BF0594A005AB5DD /* PBXTargetDependency */ = {
			isa = PBXTargetDependency;
			target = DCAF53BB1BF0594A005AB5DD /* Care4Wounds */;
			targetProxy = DCAF53D11BF0594A005AB5DD /* PBXContainerItemProxy */;
		};
		DCAF53DD1BF0594A005AB5DD /* PBXTargetDependency */ = {
			isa = PBXTargetDependency;
			target = DCAF53BB1BF0594A005AB5DD /* Care4Wounds */;
			targetProxy = DCAF53DC1BF0594A005AB5DD /* PBXContainerItemProxy */;
		};
/* End PBXTargetDependency section */

/* Begin PBXVariantGroup section */
		DCAF53C81BF0594A005AB5DD /* LaunchScreen.storyboard */ = {
			isa = PBXVariantGroup;
			children = (
				DCAF53C91BF0594A005AB5DD /* Base */,
			);
			name = LaunchScreen.storyboard;
			sourceTree = "<group>";
		};
/* End PBXVariantGroup section */

/* Begin XCBuildConfiguration section */
		DCAF53E21BF0594A005AB5DD /* Debug */ = {
			isa = XCBuildConfiguration;
			buildSettings = {
				ALWAYS_SEARCH_USER_PATHS = NO;
				CLANG_CXX_LANGUAGE_STANDARD = "gnu++0x";
				CLANG_CXX_LIBRARY = "libc++";
				CLANG_ENABLE_MODULES = YES;
				CLANG_ENABLE_OBJC_ARC = YES;
				CLANG_WARN_BOOL_CONVERSION = YES;
				CLANG_WARN_CONSTANT_CONVERSION = YES;
				CLANG_WARN_DIRECT_OBJC_ISA_USAGE = YES_ERROR;
				CLANG_WARN_EMPTY_BODY = YES;
				CLANG_WARN_ENUM_CONVERSION = YES;
				CLANG_WARN_INT_CONVERSION = YES;
				CLANG_WARN_OBJC_ROOT_CLASS = YES_ERROR;
				CLANG_WARN_UNREACHABLE_CODE = YES;
				CLANG_WARN__DUPLICATE_METHOD_MATCH = YES;
				"CODE_SIGN_IDENTITY[sdk=iphoneos*]" = "iPhone Developer";
				COPY_PHASE_STRIP = NO;
				DEBUG_INFORMATION_FORMAT = dwarf;
				ENABLE_STRICT_OBJC_MSGSEND = YES;
				ENABLE_TESTABILITY = YES;
				GCC_C_LANGUAGE_STANDARD = gnu99;
				GCC_DYNAMIC_NO_PIC = NO;
				GCC_NO_COMMON_BLOCKS = YES;
				GCC_OPTIMIZATION_LEVEL = 0;
				GCC_PREPROCESSOR_DEFINITIONS = (
					"DEBUG=1",
					"$(inherited)",
				);
				GCC_WARN_64_TO_32_BIT_CONVERSION = YES;
				GCC_WARN_ABOUT_RETURN_TYPE = YES_ERROR;
				GCC_WARN_UNDECLARED_SELECTOR = YES;
				GCC_WARN_UNINITIALIZED_AUTOS = YES_AGGRESSIVE;
				GCC_WARN_UNUSED_FUNCTION = YES;
				GCC_WARN_UNUSED_VARIABLE = YES;
				IPHONEOS_DEPLOYMENT_TARGET = 9.1;
				MTL_ENABLE_DEBUG_INFO = YES;
				ONLY_ACTIVE_ARCH = YES;
				SDKROOT = iphoneos;
				SWIFT_OPTIMIZATION_LEVEL = "-Onone";
				TARGETED_DEVICE_FAMILY = "1,2";
			};
			name = Debug;
		};
		DCAF53E31BF0594A005AB5DD /* Release */ = {
			isa = XCBuildConfiguration;
			buildSettings = {
				ALWAYS_SEARCH_USER_PATHS = NO;
				CLANG_CXX_LANGUAGE_STANDARD = "gnu++0x";
				CLANG_CXX_LIBRARY = "libc++";
				CLANG_ENABLE_MODULES = YES;
				CLANG_ENABLE_OBJC_ARC = YES;
				CLANG_WARN_BOOL_CONVERSION = YES;
				CLANG_WARN_CONSTANT_CONVERSION = YES;
				CLANG_WARN_DIRECT_OBJC_ISA_USAGE = YES_ERROR;
				CLANG_WARN_EMPTY_BODY = YES;
				CLANG_WARN_ENUM_CONVERSION = YES;
				CLANG_WARN_INT_CONVERSION = YES;
				CLANG_WARN_OBJC_ROOT_CLASS = YES_ERROR;
				CLANG_WARN_UNREACHABLE_CODE = YES;
				CLANG_WARN__DUPLICATE_METHOD_MATCH = YES;
				"CODE_SIGN_IDENTITY[sdk=iphoneos*]" = "iPhone Developer";
				COPY_PHASE_STRIP = NO;
				DEBUG_INFORMATION_FORMAT = "dwarf-with-dsym";
				ENABLE_NS_ASSERTIONS = NO;
				ENABLE_STRICT_OBJC_MSGSEND = YES;
				GCC_C_LANGUAGE_STANDARD = gnu99;
				GCC_NO_COMMON_BLOCKS = YES;
				GCC_WARN_64_TO_32_BIT_CONVERSION = YES;
				GCC_WARN_ABOUT_RETURN_TYPE = YES_ERROR;
				GCC_WARN_UNDECLARED_SELECTOR = YES;
				GCC_WARN_UNINITIALIZED_AUTOS = YES_AGGRESSIVE;
				GCC_WARN_UNUSED_FUNCTION = YES;
				GCC_WARN_UNUSED_VARIABLE = YES;
				IPHONEOS_DEPLOYMENT_TARGET = 9.1;
				MTL_ENABLE_DEBUG_INFO = NO;
				SDKROOT = iphoneos;
				TARGETED_DEVICE_FAMILY = "1,2";
				VALIDATE_PRODUCT = YES;
			};
			name = Release;
		};
		DCAF53E51BF0594A005AB5DD /* Debug */ = {
			isa = XCBuildConfiguration;
			buildSettings = {
				ASSETCATALOG_COMPILER_APPICON_NAME = AppIcon;
				INFOPLIST_FILE = Care4Wounds/Info.plist;
				IPHONEOS_DEPLOYMENT_TARGET = 9.0;
				LD_RUNPATH_SEARCH_PATHS = "$(inherited) @executable_path/Frameworks";
				PRODUCT_BUNDLE_IDENTIFIER = Team5.Care4Wounds;
				PRODUCT_NAME = "$(TARGET_NAME)";
				TARGETED_DEVICE_FAMILY = "1,2";
			};
			name = Debug;
		};
		DCAF53E61BF0594A005AB5DD /* Release */ = {
			isa = XCBuildConfiguration;
			buildSettings = {
				ASSETCATALOG_COMPILER_APPICON_NAME = AppIcon;
				INFOPLIST_FILE = Care4Wounds/Info.plist;
				IPHONEOS_DEPLOYMENT_TARGET = 9.0;
				LD_RUNPATH_SEARCH_PATHS = "$(inherited) @executable_path/Frameworks";
				PRODUCT_BUNDLE_IDENTIFIER = Team5.Care4Wounds;
				PRODUCT_NAME = "$(TARGET_NAME)";
				TARGETED_DEVICE_FAMILY = "1,2";
			};
			name = Release;
		};
		DCAF53E81BF0594A005AB5DD /* Debug */ = {
			isa = XCBuildConfiguration;
			buildSettings = {
				BUNDLE_LOADER = "$(TEST_HOST)";
				INFOPLIST_FILE = Care4WoundsTests/Info.plist;
				LD_RUNPATH_SEARCH_PATHS = "$(inherited) @executable_path/Frameworks @loader_path/Frameworks";
				PRODUCT_BUNDLE_IDENTIFIER = Team5.Care4WoundsTests;
				PRODUCT_NAME = "$(TARGET_NAME)";
				TEST_HOST = "$(BUILT_PRODUCTS_DIR)/Care4Wounds.app/Care4Wounds";
			};
			name = Debug;
		};
		DCAF53E91BF0594A005AB5DD /* Release */ = {
			isa = XCBuildConfiguration;
			buildSettings = {
				BUNDLE_LOADER = "$(TEST_HOST)";
				INFOPLIST_FILE = Care4WoundsTests/Info.plist;
				LD_RUNPATH_SEARCH_PATHS = "$(inherited) @executable_path/Frameworks @loader_path/Frameworks";
				PRODUCT_BUNDLE_IDENTIFIER = Team5.Care4WoundsTests;
				PRODUCT_NAME = "$(TARGET_NAME)";
				TEST_HOST = "$(BUILT_PRODUCTS_DIR)/Care4Wounds.app/Care4Wounds";
			};
			name = Release;
		};
		DCAF53EB1BF0594A005AB5DD /* Debug */ = {
			isa = XCBuildConfiguration;
			buildSettings = {
				INFOPLIST_FILE = Care4WoundsUITests/Info.plist;
				LD_RUNPATH_SEARCH_PATHS = "$(inherited) @executable_path/Frameworks @loader_path/Frameworks";
				PRODUCT_BUNDLE_IDENTIFIER = Team5.Care4WoundsUITests;
				PRODUCT_NAME = "$(TARGET_NAME)";
				TEST_TARGET_NAME = Care4Wounds;
				USES_XCTRUNNER = YES;
			};
			name = Debug;
		};
		DCAF53EC1BF0594A005AB5DD /* Release */ = {
			isa = XCBuildConfiguration;
			buildSettings = {
				INFOPLIST_FILE = Care4WoundsUITests/Info.plist;
				LD_RUNPATH_SEARCH_PATHS = "$(inherited) @executable_path/Frameworks @loader_path/Frameworks";
				PRODUCT_BUNDLE_IDENTIFIER = Team5.Care4WoundsUITests;
				PRODUCT_NAME = "$(TARGET_NAME)";
				TEST_TARGET_NAME = Care4Wounds;
				USES_XCTRUNNER = YES;
			};
			name = Release;
		};
/* End XCBuildConfiguration section */

/* Begin XCConfigurationList section */
		DCAF53B71BF0594A005AB5DD /* Build configuration list for PBXProject "Care4Wounds" */ = {
			isa = XCConfigurationList;
			buildConfigurations = (
				DCAF53E21BF0594A005AB5DD /* Debug */,
				DCAF53E31BF0594A005AB5DD /* Release */,
			);
			defaultConfigurationIsVisible = 0;
			defaultConfigurationName = Release;
		};
		DCAF53E41BF0594A005AB5DD /* Build configuration list for PBXNativeTarget "Care4Wounds" */ = {
			isa = XCConfigurationList;
			buildConfigurations = (
				DCAF53E51BF0594A005AB5DD /* Debug */,
				DCAF53E61BF0594A005AB5DD /* Release */,
			);
			defaultConfigurationIsVisible = 0;
			defaultConfigurationName = Release;
		};
		DCAF53E71BF0594A005AB5DD /* Build configuration list for PBXNativeTarget "Care4WoundsTests" */ = {
			isa = XCConfigurationList;
			buildConfigurations = (
				DCAF53E81BF0594A005AB5DD /* Debug */,
				DCAF53E91BF0594A005AB5DD /* Release */,
			);
			defaultConfigurationIsVisible = 0;
			defaultConfigurationName = Release;
		};
		DCAF53EA1BF0594A005AB5DD /* Build configuration list for PBXNativeTarget "Care4WoundsUITests" */ = {
			isa = XCConfigurationList;
			buildConfigurations = (
				DCAF53EB1BF0594A005AB5DD /* Debug */,
				DCAF53EC1BF0594A005AB5DD /* Release */,
			);
			defaultConfigurationIsVisible = 0;
			defaultConfigurationName = Release;
		};
/* End XCConfigurationList section */

/* Begin XCVersionGroup section */
		DCB341D11BF155B30014F89B /* Care4Wounds.xcdatamodeld */ = {
			isa = XCVersionGroup;
			children = (
				DCB341D21BF155B30014F89B /* Care4Wounds.xcdatamodel */,
			);
			currentVersion = DCB341D21BF155B30014F89B /* Care4Wounds.xcdatamodel */;
			path = Care4Wounds.xcdatamodeld;
			sourceTree = "<group>";
			versionGroupType = wrapper.xcdatamodel;
		};
/* End XCVersionGroup section */
	};
	rootObject = DCAF53B41BF0594A005AB5DD /* Project object */;
}
